// !$*UTF8*$!
{
	archiveVersion = 1;
	classes = {
	};
	objectVersion = 50;
	objects = {

/* Begin PBXBuildFile section */
		77FF79DC20A0C6A3007189E2 /* AppDelegate.swift in Sources */ = {isa = PBXBuildFile; fileRef = 77FF79DB20A0C6A3007189E2 /* AppDelegate.swift */; };
		77FF79DE20A0C6A3007189E2 /* ViewController.swift in Sources */ = {isa = PBXBuildFile; fileRef = 77FF79DD20A0C6A3007189E2 /* ViewController.swift */; };
		77FF79E120A0C6A3007189E2 /* Main.storyboard in Resources */ = {isa = PBXBuildFile; fileRef = 77FF79DF20A0C6A3007189E2 /* Main.storyboard */; };
		77FF79E320A0C6A9007189E2 /* Assets.xcassets in Resources */ = {isa = PBXBuildFile; fileRef = 77FF79E220A0C6A9007189E2 /* Assets.xcassets */; };
		77FF79E620A0C6A9007189E2 /* LaunchScreen.storyboard in Resources */ = {isa = PBXBuildFile; fileRef = 77FF79E420A0C6A9007189E2 /* LaunchScreen.storyboard */; };
		77FF79F120A0C6A9007189E2 /* TestFastLaneTests.swift in Sources */ = {isa = PBXBuildFile; fileRef = 77FF79F020A0C6A9007189E2 /* TestFastLaneTests.swift */; };
		77FF79FC20A0C6A9007189E2 /* TestFastLaneUITests.swift in Sources */ = {isa = PBXBuildFile; fileRef = 77FF79FB20A0C6A9007189E2 /* TestFastLaneUITests.swift */; };
		77FF7A0A20A0CD66007189E2 /* FastlaneViewController.swift in Sources */ = {isa = PBXBuildFile; fileRef = 77FF7A0920A0CD66007189E2 /* FastlaneViewController.swift */; };
/* End PBXBuildFile section */

/* Begin PBXContainerItemProxy section */
		77FF79ED20A0C6A9007189E2 /* PBXContainerItemProxy */ = {
			isa = PBXContainerItemProxy;
			containerPortal = 77FF79D020A0C6A3007189E2 /* Project object */;
			proxyType = 1;
			remoteGlobalIDString = 77FF79D720A0C6A3007189E2;
			remoteInfo = TestFastLane;
		};
		77FF79F820A0C6A9007189E2 /* PBXContainerItemProxy */ = {
			isa = PBXContainerItemProxy;
			containerPortal = 77FF79D020A0C6A3007189E2 /* Project object */;
			proxyType = 1;
			remoteGlobalIDString = 77FF79D720A0C6A3007189E2;
			remoteInfo = TestFastLane;
		};
/* End PBXContainerItemProxy section */

/* Begin PBXFileReference section */
		77FF79D820A0C6A3007189E2 /* TestFastLane.app */ = {isa = PBXFileReference; explicitFileType = wrapper.application; includeInIndex = 0; path = TestFastLane.app; sourceTree = BUILT_PRODUCTS_DIR; };
		77FF79DB20A0C6A3007189E2 /* AppDelegate.swift */ = {isa = PBXFileReference; lastKnownFileType = sourcecode.swift; path = AppDelegate.swift; sourceTree = "<group>"; };
		77FF79DD20A0C6A3007189E2 /* ViewController.swift */ = {isa = PBXFileReference; lastKnownFileType = sourcecode.swift; path = ViewController.swift; sourceTree = "<group>"; };
		77FF79E020A0C6A3007189E2 /* Base */ = {isa = PBXFileReference; lastKnownFileType = file.storyboard; name = Base; path = Base.lproj/Main.storyboard; sourceTree = "<group>"; };
		77FF79E220A0C6A9007189E2 /* Assets.xcassets */ = {isa = PBXFileReference; lastKnownFileType = folder.assetcatalog; path = Assets.xcassets; sourceTree = "<group>"; };
		77FF79E520A0C6A9007189E2 /* Base */ = {isa = PBXFileReference; lastKnownFileType = file.storyboard; name = Base; path = Base.lproj/LaunchScreen.storyboard; sourceTree = "<group>"; };
		77FF79E720A0C6A9007189E2 /* Info.plist */ = {isa = PBXFileReference; lastKnownFileType = text.plist.xml; path = Info.plist; sourceTree = "<group>"; };
		77FF79EC20A0C6A9007189E2 /* TestFastLaneTests.xctest */ = {isa = PBXFileReference; explicitFileType = wrapper.cfbundle; includeInIndex = 0; path = TestFastLaneTests.xctest; sourceTree = BUILT_PRODUCTS_DIR; };
		77FF79F020A0C6A9007189E2 /* TestFastLaneTests.swift */ = {isa = PBXFileReference; lastKnownFileType = sourcecode.swift; path = TestFastLaneTests.swift; sourceTree = "<group>"; };
		77FF79F220A0C6A9007189E2 /* Info.plist */ = {isa = PBXFileReference; lastKnownFileType = text.plist.xml; path = Info.plist; sourceTree = "<group>"; };
		77FF79F720A0C6A9007189E2 /* TestFastLaneUITests.xctest */ = {isa = PBXFileReference; explicitFileType = wrapper.cfbundle; includeInIndex = 0; path = TestFastLaneUITests.xctest; sourceTree = BUILT_PRODUCTS_DIR; };
		77FF79FB20A0C6A9007189E2 /* TestFastLaneUITests.swift */ = {isa = PBXFileReference; lastKnownFileType = sourcecode.swift; path = TestFastLaneUITests.swift; sourceTree = "<group>"; };
		77FF79FD20A0C6A9007189E2 /* Info.plist */ = {isa = PBXFileReference; lastKnownFileType = text.plist.xml; path = Info.plist; sourceTree = "<group>"; };
		77FF7A0920A0CD66007189E2 /* FastlaneViewController.swift */ = {isa = PBXFileReference; lastKnownFileType = sourcecode.swift; path = FastlaneViewController.swift; sourceTree = "<group>"; };
/* End PBXFileReference section */

/* Begin PBXFrameworksBuildPhase section */
		77FF79D520A0C6A3007189E2 /* Frameworks */ = {
			isa = PBXFrameworksBuildPhase;
			buildActionMask = 2147483647;
			files = (
			);
			runOnlyForDeploymentPostprocessing = 0;
		};
		77FF79E920A0C6A9007189E2 /* Frameworks */ = {
			isa = PBXFrameworksBuildPhase;
			buildActionMask = 2147483647;
			files = (
			);
			runOnlyForDeploymentPostprocessing = 0;
		};
		77FF79F420A0C6A9007189E2 /* Frameworks */ = {
			isa = PBXFrameworksBuildPhase;
			buildActionMask = 2147483647;
			files = (
			);
			runOnlyForDeploymentPostprocessing = 0;
		};
/* End PBXFrameworksBuildPhase section */

/* Begin PBXGroup section */
		77FF79CF20A0C6A3007189E2 = {
			isa = PBXGroup;
			children = (
				77FF79DA20A0C6A3007189E2 /* TestFastLane */,
				77FF79EF20A0C6A9007189E2 /* TestFastLaneTests */,
				77FF79FA20A0C6A9007189E2 /* TestFastLaneUITests */,
				77FF79D920A0C6A3007189E2 /* Products */,
			);
			sourceTree = "<group>";
		};
		77FF79D920A0C6A3007189E2 /* Products */ = {
			isa = PBXGroup;
			children = (
				77FF79D820A0C6A3007189E2 /* TestFastLane.app */,
				77FF79EC20A0C6A9007189E2 /* TestFastLaneTests.xctest */,
				77FF79F720A0C6A9007189E2 /* TestFastLaneUITests.xctest */,
			);
			name = Products;
			sourceTree = "<group>";
		};
		77FF79DA20A0C6A3007189E2 /* TestFastLane */ = {
			isa = PBXGroup;
			children = (
				77FF79DB20A0C6A3007189E2 /* AppDelegate.swift */,
				77FF79DD20A0C6A3007189E2 /* ViewController.swift */,
				77FF7A0920A0CD66007189E2 /* FastlaneViewController.swift */,
				77FF79DF20A0C6A3007189E2 /* Main.storyboard */,
				77FF79E220A0C6A9007189E2 /* Assets.xcassets */,
				77FF79E420A0C6A9007189E2 /* LaunchScreen.storyboard */,
				77FF79E720A0C6A9007189E2 /* Info.plist */,
			);
			path = TestFastLane;
			sourceTree = "<group>";
		};
		77FF79EF20A0C6A9007189E2 /* TestFastLaneTests */ = {
			isa = PBXGroup;
			children = (
				77FF79F020A0C6A9007189E2 /* TestFastLaneTests.swift */,
				77FF79F220A0C6A9007189E2 /* Info.plist */,
			);
			path = TestFastLaneTests;
			sourceTree = "<group>";
		};
		77FF79FA20A0C6A9007189E2 /* TestFastLaneUITests */ = {
			isa = PBXGroup;
			children = (
				77FF79FB20A0C6A9007189E2 /* TestFastLaneUITests.swift */,
				77FF79FD20A0C6A9007189E2 /* Info.plist */,
			);
			path = TestFastLaneUITests;
			sourceTree = "<group>";
		};
/* End PBXGroup section */

/* Begin PBXNativeTarget section */
		77FF79D720A0C6A3007189E2 /* TestFastLane */ = {
			isa = PBXNativeTarget;
			buildConfigurationList = 77FF7A0020A0C6A9007189E2 /* Build configuration list for PBXNativeTarget "TestFastLane" */;
			buildPhases = (
				77FF79D420A0C6A3007189E2 /* Sources */,
				77FF79D520A0C6A3007189E2 /* Frameworks */,
				77FF79D620A0C6A3007189E2 /* Resources */,
			);
			buildRules = (
			);
			dependencies = (
			);
			name = TestFastLane;
			productName = TestFastLane;
			productReference = 77FF79D820A0C6A3007189E2 /* TestFastLane.app */;
			productType = "com.apple.product-type.application";
		};
		77FF79EB20A0C6A9007189E2 /* TestFastLaneTests */ = {
			isa = PBXNativeTarget;
			buildConfigurationList = 77FF7A0320A0C6A9007189E2 /* Build configuration list for PBXNativeTarget "TestFastLaneTests" */;
			buildPhases = (
				77FF79E820A0C6A9007189E2 /* Sources */,
				77FF79E920A0C6A9007189E2 /* Frameworks */,
				77FF79EA20A0C6A9007189E2 /* Resources */,
			);
			buildRules = (
			);
			dependencies = (
				77FF79EE20A0C6A9007189E2 /* PBXTargetDependency */,
			);
			name = TestFastLaneTests;
			productName = TestFastLaneTests;
			productReference = 77FF79EC20A0C6A9007189E2 /* TestFastLaneTests.xctest */;
			productType = "com.apple.product-type.bundle.unit-test";
		};
		77FF79F620A0C6A9007189E2 /* TestFastLaneUITests */ = {
			isa = PBXNativeTarget;
			buildConfigurationList = 77FF7A0620A0C6A9007189E2 /* Build configuration list for PBXNativeTarget "TestFastLaneUITests" */;
			buildPhases = (
				77FF79F320A0C6A9007189E2 /* Sources */,
				77FF79F420A0C6A9007189E2 /* Frameworks */,
				77FF79F520A0C6A9007189E2 /* Resources */,
			);
			buildRules = (
			);
			dependencies = (
				77FF79F920A0C6A9007189E2 /* PBXTargetDependency */,
			);
			name = TestFastLaneUITests;
			productName = TestFastLaneUITests;
			productReference = 77FF79F720A0C6A9007189E2 /* TestFastLaneUITests.xctest */;
			productType = "com.apple.product-type.bundle.ui-testing";
		};
/* End PBXNativeTarget section */

/* Begin PBXProject section */
		77FF79D020A0C6A3007189E2 /* Project object */ = {
			isa = PBXProject;
			attributes = {
				LastSwiftUpdateCheck = 0930;
				LastUpgradeCheck = 0930;
				ORGANIZATIONNAME = "Deloitte Digital";
				TargetAttributes = {
					77FF79D720A0C6A3007189E2 = {
						CreatedOnToolsVersion = 9.3;
					};
					77FF79EB20A0C6A9007189E2 = {
						CreatedOnToolsVersion = 9.3;
						TestTargetID = 77FF79D720A0C6A3007189E2;
					};
					77FF79F620A0C6A9007189E2 = {
						CreatedOnToolsVersion = 9.3;
						TestTargetID = 77FF79D720A0C6A3007189E2;
					};
				};
			};
			buildConfigurationList = 77FF79D320A0C6A3007189E2 /* Build configuration list for PBXProject "TestFastLane" */;
			compatibilityVersion = "Xcode 9.3";
			developmentRegion = en;
			hasScannedForEncodings = 0;
			knownRegions = (
				en,
				Base,
			);
			mainGroup = 77FF79CF20A0C6A3007189E2;
			productRefGroup = 77FF79D920A0C6A3007189E2 /* Products */;
			projectDirPath = "";
			projectRoot = "";
			targets = (
				77FF79D720A0C6A3007189E2 /* TestFastLane */,
				77FF79EB20A0C6A9007189E2 /* TestFastLaneTests */,
				77FF79F620A0C6A9007189E2 /* TestFastLaneUITests */,
			);
		};
/* End PBXProject section */

/* Begin PBXResourcesBuildPhase section */
		77FF79D620A0C6A3007189E2 /* Resources */ = {
			isa = PBXResourcesBuildPhase;
			buildActionMask = 2147483647;
			files = (
				77FF79E620A0C6A9007189E2 /* LaunchScreen.storyboard in Resources */,
				77FF79E320A0C6A9007189E2 /* Assets.xcassets in Resources */,
				77FF79E120A0C6A3007189E2 /* Main.storyboard in Resources */,
			);
			runOnlyForDeploymentPostprocessing = 0;
		};
		77FF79EA20A0C6A9007189E2 /* Resources */ = {
			isa = PBXResourcesBuildPhase;
			buildActionMask = 2147483647;
			files = (
			);
			runOnlyForDeploymentPostprocessing = 0;
		};
		77FF79F520A0C6A9007189E2 /* Resources */ = {
			isa = PBXResourcesBuildPhase;
			buildActionMask = 2147483647;
			files = (
			);
			runOnlyForDeploymentPostprocessing = 0;
		};
/* End PBXResourcesBuildPhase section */

/* Begin PBXSourcesBuildPhase section */
		77FF79D420A0C6A3007189E2 /* Sources */ = {
			isa = PBXSourcesBuildPhase;
			buildActionMask = 2147483647;
			files = (
				77FF79DE20A0C6A3007189E2 /* ViewController.swift in Sources */,
				77FF79DC20A0C6A3007189E2 /* AppDelegate.swift in Sources */,
				77FF7A0A20A0CD66007189E2 /* FastlaneViewController.swift in Sources */,
			);
			runOnlyForDeploymentPostprocessing = 0;
		};
		77FF79E820A0C6A9007189E2 /* Sources */ = {
			isa = PBXSourcesBuildPhase;
			buildActionMask = 2147483647;
			files = (
				77FF79F120A0C6A9007189E2 /* TestFastLaneTests.swift in Sources */,
			);
			runOnlyForDeploymentPostprocessing = 0;
		};
		77FF79F320A0C6A9007189E2 /* Sources */ = {
			isa = PBXSourcesBuildPhase;
			buildActionMask = 2147483647;
			files = (
				77FF79FC20A0C6A9007189E2 /* TestFastLaneUITests.swift in Sources */,
			);
			runOnlyForDeploymentPostprocessing = 0;
		};
/* End PBXSourcesBuildPhase section */

/* Begin PBXTargetDependency section */
		77FF79EE20A0C6A9007189E2 /* PBXTargetDependency */ = {
			isa = PBXTargetDependency;
			target = 77FF79D720A0C6A3007189E2 /* TestFastLane */;
			targetProxy = 77FF79ED20A0C6A9007189E2 /* PBXContainerItemProxy */;
		};
		77FF79F920A0C6A9007189E2 /* PBXTargetDependency */ = {
			isa = PBXTargetDependency;
			target = 77FF79D720A0C6A3007189E2 /* TestFastLane */;
			targetProxy = 77FF79F820A0C6A9007189E2 /* PBXContainerItemProxy */;
		};
/* End PBXTargetDependency section */

/* Begin PBXVariantGroup section */
		77FF79DF20A0C6A3007189E2 /* Main.storyboard */ = {
			isa = PBXVariantGroup;
			children = (
				77FF79E020A0C6A3007189E2 /* Base */,
			);
			name = Main.storyboard;
			sourceTree = "<group>";
		};
		77FF79E420A0C6A9007189E2 /* LaunchScreen.storyboard */ = {
			isa = PBXVariantGroup;
			children = (
				77FF79E520A0C6A9007189E2 /* Base */,
			);
			name = LaunchScreen.storyboard;
			sourceTree = "<group>";
		};
/* End PBXVariantGroup section */

/* Begin XCBuildConfiguration section */
		77FF79FE20A0C6A9007189E2 /* Debug */ = {
			isa = XCBuildConfiguration;
			buildSettings = {
				ALWAYS_SEARCH_USER_PATHS = NO;
				CLANG_ANALYZER_NONNULL = YES;
				CLANG_ANALYZER_NUMBER_OBJECT_CONVERSION = YES_AGGRESSIVE;
				CLANG_CXX_LANGUAGE_STANDARD = "gnu++14";
				CLANG_CXX_LIBRARY = "libc++";
				CLANG_ENABLE_MODULES = YES;
				CLANG_ENABLE_OBJC_ARC = YES;
				CLANG_ENABLE_OBJC_WEAK = YES;
				CLANG_WARN_BLOCK_CAPTURE_AUTORELEASING = YES;
				CLANG_WARN_BOOL_CONVERSION = YES;
				CLANG_WARN_COMMA = YES;
				CLANG_WARN_CONSTANT_CONVERSION = YES;
				CLANG_WARN_DEPRECATED_OBJC_IMPLEMENTATIONS = YES;
				CLANG_WARN_DIRECT_OBJC_ISA_USAGE = YES_ERROR;
				CLANG_WARN_DOCUMENTATION_COMMENTS = YES;
				CLANG_WARN_EMPTY_BODY = YES;
				CLANG_WARN_ENUM_CONVERSION = YES;
				CLANG_WARN_INFINITE_RECURSION = YES;
				CLANG_WARN_INT_CONVERSION = YES;
				CLANG_WARN_NON_LITERAL_NULL_CONVERSION = YES;
				CLANG_WARN_OBJC_IMPLICIT_RETAIN_SELF = YES;
				CLANG_WARN_OBJC_LITERAL_CONVERSION = YES;
				CLANG_WARN_OBJC_ROOT_CLASS = YES_ERROR;
				CLANG_WARN_RANGE_LOOP_ANALYSIS = YES;
				CLANG_WARN_STRICT_PROTOTYPES = YES;
				CLANG_WARN_SUSPICIOUS_MOVE = YES;
				CLANG_WARN_UNGUARDED_AVAILABILITY = YES_AGGRESSIVE;
				CLANG_WARN_UNREACHABLE_CODE = YES;
				CLANG_WARN__DUPLICATE_METHOD_MATCH = YES;
				CODE_SIGN_IDENTITY = "iPhone Developer";
				COPY_PHASE_STRIP = NO;
				DEBUG_INFORMATION_FORMAT = dwarf;
				ENABLE_STRICT_OBJC_MSGSEND = YES;
				ENABLE_TESTABILITY = YES;
				GCC_C_LANGUAGE_STANDARD = gnu11;
				GCC_DYNAMIC_NO_PIC = NO;
				GCC_NO_COMMON_BLOCKS = YES;
				GCC_OPTIMIZATION_LEVEL = 0;
				GCC_PREPROCESSOR_DEFINITIONS = (
					"DEBUG=1",
					"$(inherited)",
				);
				GCC_WARN_64_TO_32_BIT_CONVERSION = YES;
				GCC_WARN_ABOUT_RETURN_TYPE = YES_ERROR;
				GCC_WARN_UNDECLARED_SELECTOR = YES;
				GCC_WARN_UNINITIALIZED_AUTOS = YES_AGGRESSIVE;
				GCC_WARN_UNUSED_FUNCTION = YES;
				GCC_WARN_UNUSED_VARIABLE = YES;
				IPHONEOS_DEPLOYMENT_TARGET = 11.3;
				MTL_ENABLE_DEBUG_INFO = YES;
				ONLY_ACTIVE_ARCH = YES;
				SDKROOT = iphoneos;
				SWIFT_ACTIVE_COMPILATION_CONDITIONS = DEBUG;
				SWIFT_OPTIMIZATION_LEVEL = "-Onone";
			};
			name = Debug;
		};
		77FF79FF20A0C6A9007189E2 /* Release */ = {
			isa = XCBuildConfiguration;
			buildSettings = {
				ALWAYS_SEARCH_USER_PATHS = NO;
				CLANG_ANALYZER_NONNULL = YES;
				CLANG_ANALYZER_NUMBER_OBJECT_CONVERSION = YES_AGGRESSIVE;
				CLANG_CXX_LANGUAGE_STANDARD = "gnu++14";
				CLANG_CXX_LIBRARY = "libc++";
				CLANG_ENABLE_MODULES = YES;
				CLANG_ENABLE_OBJC_ARC = YES;
				CLANG_ENABLE_OBJC_WEAK = YES;
				CLANG_WARN_BLOCK_CAPTURE_AUTORELEASING = YES;
				CLANG_WARN_BOOL_CONVERSION = YES;
				CLANG_WARN_COMMA = YES;
				CLANG_WARN_CONSTANT_CONVERSION = YES;
				CLANG_WARN_DEPRECATED_OBJC_IMPLEMENTATIONS = YES;
				CLANG_WARN_DIRECT_OBJC_ISA_USAGE = YES_ERROR;
				CLANG_WARN_DOCUMENTATION_COMMENTS = YES;
				CLANG_WARN_EMPTY_BODY = YES;
				CLANG_WARN_ENUM_CONVERSION = YES;
				CLANG_WARN_INFINITE_RECURSION = YES;
				CLANG_WARN_INT_CONVERSION = YES;
				CLANG_WARN_NON_LITERAL_NULL_CONVERSION = YES;
				CLANG_WARN_OBJC_IMPLICIT_RETAIN_SELF = YES;
				CLANG_WARN_OBJC_LITERAL_CONVERSION = YES;
				CLANG_WARN_OBJC_ROOT_CLASS = YES_ERROR;
				CLANG_WARN_RANGE_LOOP_ANALYSIS = YES;
				CLANG_WARN_STRICT_PROTOTYPES = YES;
				CLANG_WARN_SUSPICIOUS_MOVE = YES;
				CLANG_WARN_UNGUARDED_AVAILABILITY = YES_AGGRESSIVE;
				CLANG_WARN_UNREACHABLE_CODE = YES;
				CLANG_WARN__DUPLICATE_METHOD_MATCH = YES;
				CODE_SIGN_IDENTITY = "iPhone Developer";
				COPY_PHASE_STRIP = NO;
				DEBUG_INFORMATION_FORMAT = "dwarf-with-dsym";
				ENABLE_NS_ASSERTIONS = NO;
				ENABLE_STRICT_OBJC_MSGSEND = YES;
				GCC_C_LANGUAGE_STANDARD = gnu11;
				GCC_NO_COMMON_BLOCKS = YES;
				GCC_WARN_64_TO_32_BIT_CONVERSION = YES;
				GCC_WARN_ABOUT_RETURN_TYPE = YES_ERROR;
				GCC_WARN_UNDECLARED_SELECTOR = YES;
				GCC_WARN_UNINITIALIZED_AUTOS = YES_AGGRESSIVE;
				GCC_WARN_UNUSED_FUNCTION = YES;
				GCC_WARN_UNUSED_VARIABLE = YES;
				IPHONEOS_DEPLOYMENT_TARGET = 11.3;
				MTL_ENABLE_DEBUG_INFO = NO;
				SDKROOT = iphoneos;
				SWIFT_COMPILATION_MODE = wholemodule;
				SWIFT_OPTIMIZATION_LEVEL = "-O";
				VALIDATE_PRODUCT = YES;
			};
			name = Release;
		};
		77FF7A0120A0C6A9007189E2 /* Debug */ = {
			isa = XCBuildConfiguration;
			buildSettings = {
				ASSETCATALOG_COMPILER_APPICON_NAME = AppIcon;
				CODE_SIGN_STYLE = Automatic;
				DEVELOPMENT_TEAM = 6LJ9Y6X5NU;
				INFOPLIST_FILE = TestFastLane/Info.plist;
				LD_RUNPATH_SEARCH_PATHS = (
					"$(inherited)",
					"@executable_path/Frameworks",
				);
				PRODUCT_BUNDLE_IDENTIFIER = com.deloitteDigital.squad.TestFastLane;
				PRODUCT_NAME = "$(TARGET_NAME)";
				SWIFT_VERSION = 4.0;
				TARGETED_DEVICE_FAMILY = "1,2";
			};
			name = Debug;
		};
		77FF7A0220A0C6A9007189E2 /* Release */ = {
			isa = XCBuildConfiguration;
			buildSettings = {
				ASSETCATALOG_COMPILER_APPICON_NAME = AppIcon;
				CODE_SIGN_STYLE = Automatic;
				DEVELOPMENT_TEAM = 6LJ9Y6X5NU;
				INFOPLIST_FILE = TestFastLane/Info.plist;
				LD_RUNPATH_SEARCH_PATHS = (
					"$(inherited)",
					"@executable_path/Frameworks",
				);
				PRODUCT_BUNDLE_IDENTIFIER = com.deloitteDigital.squad.TestFastLane;
				PRODUCT_NAME = "$(TARGET_NAME)";
				SWIFT_VERSION = 4.0;
				TARGETED_DEVICE_FAMILY = "1,2";
			};
			name = Release;
		};
		77FF7A0420A0C6A9007189E2 /* Debug */ = {
			isa = XCBuildConfiguration;
			buildSettings = {
				ALWAYS_EMBED_SWIFT_STANDARD_LIBRARIES = YES;
				BUNDLE_LOADER = "$(TEST_HOST)";
				CODE_SIGN_STYLE = Automatic;
				DEVELOPMENT_TEAM = 6LJ9Y6X5NU;
				INFOPLIST_FILE = TestFastLaneTests/Info.plist;
				LD_RUNPATH_SEARCH_PATHS = (
					"$(inherited)",
					"@executable_path/Frameworks",
					"@loader_path/Frameworks",
				);
				PRODUCT_BUNDLE_IDENTIFIER = com.deloitteDigital.squad.TestFastLaneTests;
				PRODUCT_NAME = "$(TARGET_NAME)";
				SWIFT_VERSION = 4.0;
				TARGETED_DEVICE_FAMILY = "1,2";
				TEST_HOST = "$(BUILT_PRODUCTS_DIR)/TestFastLane.app/TestFastLane";
			};
			name = Debug;
		};
		77FF7A0520A0C6A9007189E2 /* Release */ = {
			isa = XCBuildConfiguration;
			buildSettings = {
				ALWAYS_EMBED_SWIFT_STANDARD_LIBRARIES = YES;
				BUNDLE_LOADER = "$(TEST_HOST)";
				CODE_SIGN_STYLE = Automatic;
				DEVELOPMENT_TEAM = 6LJ9Y6X5NU;
				INFOPLIST_FILE = TestFastLaneTests/Info.plist;
				LD_RUNPATH_SEARCH_PATHS = (
					"$(inherited)",
					"@executable_path/Frameworks",
					"@loader_path/Frameworks",
				);
				PRODUCT_BUNDLE_IDENTIFIER = com.deloitteDigital.squad.TestFastLaneTests;
				PRODUCT_NAME = "$(TARGET_NAME)";
				SWIFT_VERSION = 4.0;
				TARGETED_DEVICE_FAMILY = "1,2";
				TEST_HOST = "$(BUILT_PRODUCTS_DIR)/TestFastLane.app/TestFastLane";
			};
			name = Release;
		};
		77FF7A0720A0C6A9007189E2 /* Debug */ = {
			isa = XCBuildConfiguration;
			buildSettings = {
				ALWAYS_EMBED_SWIFT_STANDARD_LIBRARIES = YES;
				CODE_SIGN_STYLE = Automatic;
				DEVELOPMENT_TEAM = 6LJ9Y6X5NU;
				INFOPLIST_FILE = TestFastLaneUITests/Info.plist;
				LD_RUNPATH_SEARCH_PATHS = (
					"$(inherited)",
					"@executable_path/Frameworks",
					"@loader_path/Frameworks",
				);
				PRODUCT_BUNDLE_IDENTIFIER = com.deloitteDigital.squad.TestFastLaneUITests;
				PRODUCT_NAME = "$(TARGET_NAME)";
				SWIFT_VERSION = 4.0;
				TARGETED_DEVICE_FAMILY = "1,2";
				TEST_TARGET_NAME = TestFastLane;
			};
			name = Debug;
		};
		77FF7A0820A0C6A9007189E2 /* Release */ = {
			isa = XCBuildConfiguration;
			buildSettings = {
				ALWAYS_EMBED_SWIFT_STANDARD_LIBRARIES = YES;
				CODE_SIGN_STYLE = Automatic;
				DEVELOPMENT_TEAM = 6LJ9Y6X5NU;
				INFOPLIST_FILE = TestFastLaneUITests/Info.plist;
				LD_RUNPATH_SEARCH_PATHS = (
					"$(inherited)",
					"@executable_path/Frameworks",
					"@loader_path/Frameworks",
				);
				PRODUCT_BUNDLE_IDENTIFIER = com.deloitteDigital.squad.TestFastLaneUITests;
				PRODUCT_NAME = "$(TARGET_NAME)";
				SWIFT_VERSION = 4.0;
				TARGETED_DEVICE_FAMILY = "1,2";
				TEST_TARGET_NAME = TestFastLane;
			};
			name = Release;
		};
/* End XCBuildConfiguration section */

/* Begin XCConfigurationList section */
		77FF79D320A0C6A3007189E2 /* Build configuration list for PBXProject "TestFastLane" */ = {
			isa = XCConfigurationList;
			buildConfigurations = (
				77FF79FE20A0C6A9007189E2 /* Debug */,
				77FF79FF20A0C6A9007189E2 /* Release */,
			);
			defaultConfigurationIsVisible = 0;
			defaultConfigurationName = Release;
		};
		77FF7A0020A0C6A9007189E2 /* Build configuration list for PBXNativeTarget "TestFastLane" */ = {
			isa = XCConfigurationList;
			buildConfigurations = (
				77FF7A0120A0C6A9007189E2 /* Debug */,
				77FF7A0220A0C6A9007189E2 /* Release */,
			);
			defaultConfigurationIsVisible = 0;
			defaultConfigurationName = Release;
		};
		77FF7A0320A0C6A9007189E2 /* Build configuration list for PBXNativeTarget "TestFastLaneTests" */ = {
			isa = XCConfigurationList;
			buildConfigurations = (
				77FF7A0420A0C6A9007189E2 /* Debug */,
				77FF7A0520A0C6A9007189E2 /* Release */,
			);
			defaultConfigurationIsVisible = 0;
			defaultConfigurationName = Release;
		};
		77FF7A0620A0C6A9007189E2 /* Build configuration list for PBXNativeTarget "TestFastLaneUITests" */ = {
			isa = XCConfigurationList;
			buildConfigurations = (
				77FF7A0720A0C6A9007189E2 /* Debug */,
				77FF7A0820A0C6A9007189E2 /* Release */,
			);
			defaultConfigurationIsVisible = 0;
			defaultConfigurationName = Release;
		};
/* End XCConfigurationList section */
	};
	rootObject = 77FF79D020A0C6A3007189E2 /* Project object */;
}
